// !$*UTF8*$!
{
	archiveVersion = 1;
	classes = {
	};
	objectVersion = 51;
	objects = {

/* Begin PBXBuildFile section */
		4C1E5F0136A6B950D81BB567 /* Pods_Async_AsyncUITests.framework in Frameworks */ = {isa = PBXBuildFile; fileRef = 9AA4760F15B32821F4F45727 /* Pods_Async_AsyncUITests.framework */; };
		8164CB2E11420B027BCB83C9 /* Pods_Async.framework in Frameworks */ = {isa = PBXBuildFile; fileRef = 181F421BE2BCB96DECD9EFB9 /* Pods_Async.framework */; };
		8281EB0C90FFDE01123EDB32 /* Pods_AsyncTests.framework in Frameworks */ = {isa = PBXBuildFile; fileRef = 388497347405733FE8CBAC21 /* Pods_AsyncTests.framework */; };
		E99B2EDE25A23D19002D789A /* awsconfiguration.json in Resources */ = {isa = PBXBuildFile; fileRef = E99B2EDC25A23D19002D789A /* awsconfiguration.json */; };
		E99B2EDF25A23D19002D789A /* amplifyconfiguration.json in Resources */ = {isa = PBXBuildFile; fileRef = E99B2EDD25A23D19002D789A /* amplifyconfiguration.json */; };
		E99B2EF525A24CE4002D789A /* Managers.swift in Sources */ = {isa = PBXBuildFile; fileRef = E99B2EF425A24CE4002D789A /* Managers.swift */; };
		E9A2AF99259B4B7800F18432 /* RegisterViewController.swift in Sources */ = {isa = PBXBuildFile; fileRef = E9A2AF98259B4B7800F18432 /* RegisterViewController.swift */; };
		E9A2AF9E259B4BA200F18432 /* RegisterView.swift in Sources */ = {isa = PBXBuildFile; fileRef = E9A2AF9D259B4BA200F18432 /* RegisterView.swift */; };
		E9A2AFA3259B52A200F18432 /* ChatViewController.swift in Sources */ = {isa = PBXBuildFile; fileRef = E9A2AFA2259B52A200F18432 /* ChatViewController.swift */; };
		E9A2AFA8259B52BA00F18432 /* ChatView.swift in Sources */ = {isa = PBXBuildFile; fileRef = E9A2AFA7259B52BA00F18432 /* ChatView.swift */; };
		E9A2AFAF259B5DF800F18432 /* UIElements.swift in Sources */ = {isa = PBXBuildFile; fileRef = E9A2AFAE259B5DF800F18432 /* UIElements.swift */; };
		E9A2AFB4259B62A200F18432 /* Extensions.swift in Sources */ = {isa = PBXBuildFile; fileRef = E9A2AFB3259B62A200F18432 /* Extensions.swift */; };
		E9A9767B259C89A50098DFA1 /* asyncResponse.json in Resources */ = {isa = PBXBuildFile; fileRef = E9A9767A259C89A50098DFA1 /* asyncResponse.json */; };
		E9A97683259C92190098DFA1 /* StartChatViewController.swift in Sources */ = {isa = PBXBuildFile; fileRef = E9A97682259C92190098DFA1 /* StartChatViewController.swift */; };
		E9A97688259C92370098DFA1 /* StartChatView.swift in Sources */ = {isa = PBXBuildFile; fileRef = E9A97687259C92370098DFA1 /* StartChatView.swift */; };
		E9A9768D259CA2810098DFA1 /* Helpers.swift in Sources */ = {isa = PBXBuildFile; fileRef = E9A9768C259CA2810098DFA1 /* Helpers.swift */; };
		E9A9769B259CC27E0098DFA1 /* TextInputView.swift in Sources */ = {isa = PBXBuildFile; fileRef = E9A9769A259CC27E0098DFA1 /* TextInputView.swift */; };
		E9A976A3259CC3780098DFA1 /* Models.swift in Sources */ = {isa = PBXBuildFile; fileRef = E9A976A2259CC3780098DFA1 /* Models.swift */; };
		E9AAE89F259DD720009877C2 /* ApiClient.swift in Sources */ = {isa = PBXBuildFile; fileRef = E9AAE89E259DD720009877C2 /* ApiClient.swift */; };
		E9AF573B2594B07C0028DF8A /* AppDelegate.swift in Sources */ = {isa = PBXBuildFile; fileRef = E9AF573A2594B07C0028DF8A /* AppDelegate.swift */; };
		E9AF573F2594B07C0028DF8A /* SignInViewController.swift in Sources */ = {isa = PBXBuildFile; fileRef = E9AF573E2594B07C0028DF8A /* SignInViewController.swift */; };
		E9AF57442594B0830028DF8A /* Assets.xcassets in Resources */ = {isa = PBXBuildFile; fileRef = E9AF57432594B0830028DF8A /* Assets.xcassets */; };
		E9AF57472594B0830028DF8A /* LaunchScreen.storyboard in Resources */ = {isa = PBXBuildFile; fileRef = E9AF57452594B0830028DF8A /* LaunchScreen.storyboard */; };
		E9AF57522594B0840028DF8A /* AsyncTests.swift in Sources */ = {isa = PBXBuildFile; fileRef = E9AF57512594B0840028DF8A /* AsyncTests.swift */; };
		E9AF575D2594B0840028DF8A /* AsyncUITests.swift in Sources */ = {isa = PBXBuildFile; fileRef = E9AF575C2594B0840028DF8A /* AsyncUITests.swift */; };
		E9AF577B2594C6500028DF8A /* SignInView.swift in Sources */ = {isa = PBXBuildFile; fileRef = E9AF577A2594C6500028DF8A /* SignInView.swift */; };
/* End PBXBuildFile section */

/* Begin PBXContainerItemProxy section */
		E9AF574E2594B0840028DF8A /* PBXContainerItemProxy */ = {
			isa = PBXContainerItemProxy;
			containerPortal = E9AF572F2594B07C0028DF8A /* Project object */;
			proxyType = 1;
			remoteGlobalIDString = E9AF57362594B07C0028DF8A;
			remoteInfo = Async;
		};
		E9AF57592594B0840028DF8A /* PBXContainerItemProxy */ = {
			isa = PBXContainerItemProxy;
			containerPortal = E9AF572F2594B07C0028DF8A /* Project object */;
			proxyType = 1;
			remoteGlobalIDString = E9AF57362594B07C0028DF8A;
			remoteInfo = Async;
		};
/* End PBXContainerItemProxy section */

/* Begin PBXFileReference section */
		181F421BE2BCB96DECD9EFB9 /* Pods_Async.framework */ = {isa = PBXFileReference; explicitFileType = wrapper.framework; includeInIndex = 0; path = Pods_Async.framework; sourceTree = BUILT_PRODUCTS_DIR; };
		388497347405733FE8CBAC21 /* Pods_AsyncTests.framework */ = {isa = PBXFileReference; explicitFileType = wrapper.framework; includeInIndex = 0; path = Pods_AsyncTests.framework; sourceTree = BUILT_PRODUCTS_DIR; };
		661182300B85A91ED6502E1B /* Pods-Async.debug.xcconfig */ = {isa = PBXFileReference; includeInIndex = 1; lastKnownFileType = text.xcconfig; name = "Pods-Async.debug.xcconfig"; path = "Target Support Files/Pods-Async/Pods-Async.debug.xcconfig"; sourceTree = "<group>"; };
		7763E09C1CA347214C1E4CBF /* Pods-AsyncTests.release.xcconfig */ = {isa = PBXFileReference; includeInIndex = 1; lastKnownFileType = text.xcconfig; name = "Pods-AsyncTests.release.xcconfig"; path = "Target Support Files/Pods-AsyncTests/Pods-AsyncTests.release.xcconfig"; sourceTree = "<group>"; };
		83C8EB164B95772AB7484895 /* Pods-Async.release.xcconfig */ = {isa = PBXFileReference; includeInIndex = 1; lastKnownFileType = text.xcconfig; name = "Pods-Async.release.xcconfig"; path = "Target Support Files/Pods-Async/Pods-Async.release.xcconfig"; sourceTree = "<group>"; };
		932664D967973696BCE878E1 /* Pods-Async-AsyncUITests.debug.xcconfig */ = {isa = PBXFileReference; includeInIndex = 1; lastKnownFileType = text.xcconfig; name = "Pods-Async-AsyncUITests.debug.xcconfig"; path = "Target Support Files/Pods-Async-AsyncUITests/Pods-Async-AsyncUITests.debug.xcconfig"; sourceTree = "<group>"; };
		9A3D48065AA301DAE1FAA608 /* Pods-Async-AsyncUITests.release.xcconfig */ = {isa = PBXFileReference; includeInIndex = 1; lastKnownFileType = text.xcconfig; name = "Pods-Async-AsyncUITests.release.xcconfig"; path = "Target Support Files/Pods-Async-AsyncUITests/Pods-Async-AsyncUITests.release.xcconfig"; sourceTree = "<group>"; };
		9AA4760F15B32821F4F45727 /* Pods_Async_AsyncUITests.framework */ = {isa = PBXFileReference; explicitFileType = wrapper.framework; includeInIndex = 0; path = Pods_Async_AsyncUITests.framework; sourceTree = BUILT_PRODUCTS_DIR; };
		E99B2EDC25A23D19002D789A /* awsconfiguration.json */ = {isa = PBXFileReference; fileEncoding = 4; lastKnownFileType = text.json; path = awsconfiguration.json; sourceTree = "<group>"; };
		E99B2EDD25A23D19002D789A /* amplifyconfiguration.json */ = {isa = PBXFileReference; fileEncoding = 4; lastKnownFileType = text.json; path = amplifyconfiguration.json; sourceTree = "<group>"; };
		E99B2EF425A24CE4002D789A /* Managers.swift */ = {isa = PBXFileReference; lastKnownFileType = sourcecode.swift; path = Managers.swift; sourceTree = "<group>"; };
		E9A2AF98259B4B7800F18432 /* RegisterViewController.swift */ = {isa = PBXFileReference; lastKnownFileType = sourcecode.swift; path = RegisterViewController.swift; sourceTree = "<group>"; };
		E9A2AF9D259B4BA200F18432 /* RegisterView.swift */ = {isa = PBXFileReference; lastKnownFileType = sourcecode.swift; path = RegisterView.swift; sourceTree = "<group>"; };
		E9A2AFA2259B52A200F18432 /* ChatViewController.swift */ = {isa = PBXFileReference; lastKnownFileType = sourcecode.swift; path = ChatViewController.swift; sourceTree = "<group>"; };
		E9A2AFA7259B52BA00F18432 /* ChatView.swift */ = {isa = PBXFileReference; lastKnownFileType = sourcecode.swift; path = ChatView.swift; sourceTree = "<group>"; };
		E9A2AFAE259B5DF800F18432 /* UIElements.swift */ = {isa = PBXFileReference; lastKnownFileType = sourcecode.swift; path = UIElements.swift; sourceTree = "<group>"; };
		E9A2AFB3259B62A200F18432 /* Extensions.swift */ = {isa = PBXFileReference; lastKnownFileType = sourcecode.swift; path = Extensions.swift; sourceTree = "<group>"; };
		E9A9767A259C89A50098DFA1 /* asyncResponse.json */ = {isa = PBXFileReference; fileEncoding = 4; lastKnownFileType = text.json; path = asyncResponse.json; sourceTree = "<group>"; };
		E9A97682259C92190098DFA1 /* StartChatViewController.swift */ = {isa = PBXFileReference; lastKnownFileType = sourcecode.swift; path = StartChatViewController.swift; sourceTree = "<group>"; };
		E9A97687259C92370098DFA1 /* StartChatView.swift */ = {isa = PBXFileReference; lastKnownFileType = sourcecode.swift; path = StartChatView.swift; sourceTree = "<group>"; };
		E9A9768C259CA2810098DFA1 /* Helpers.swift */ = {isa = PBXFileReference; lastKnownFileType = sourcecode.swift; path = Helpers.swift; sourceTree = "<group>"; };
		E9A9769A259CC27E0098DFA1 /* TextInputView.swift */ = {isa = PBXFileReference; lastKnownFileType = sourcecode.swift; path = TextInputView.swift; sourceTree = "<group>"; };
		E9A976A2259CC3780098DFA1 /* Models.swift */ = {isa = PBXFileReference; lastKnownFileType = sourcecode.swift; path = Models.swift; sourceTree = "<group>"; };
		E9AAE89E259DD720009877C2 /* ApiClient.swift */ = {isa = PBXFileReference; lastKnownFileType = sourcecode.swift; path = ApiClient.swift; sourceTree = "<group>"; };
		E9AF57372594B07C0028DF8A /* Async.app */ = {isa = PBXFileReference; explicitFileType = wrapper.application; includeInIndex = 0; path = Async.app; sourceTree = BUILT_PRODUCTS_DIR; };
		E9AF573A2594B07C0028DF8A /* AppDelegate.swift */ = {isa = PBXFileReference; lastKnownFileType = sourcecode.swift; path = AppDelegate.swift; sourceTree = "<group>"; };
		E9AF573E2594B07C0028DF8A /* SignInViewController.swift */ = {isa = PBXFileReference; lastKnownFileType = sourcecode.swift; path = SignInViewController.swift; sourceTree = "<group>"; };
		E9AF57432594B0830028DF8A /* Assets.xcassets */ = {isa = PBXFileReference; lastKnownFileType = folder.assetcatalog; path = Assets.xcassets; sourceTree = "<group>"; };
		E9AF57462594B0830028DF8A /* Base */ = {isa = PBXFileReference; lastKnownFileType = file.storyboard; name = Base; path = Base.lproj/LaunchScreen.storyboard; sourceTree = "<group>"; };
		E9AF57482594B0830028DF8A /* Info.plist */ = {isa = PBXFileReference; lastKnownFileType = text.plist.xml; path = Info.plist; sourceTree = "<group>"; };
		E9AF574D2594B0840028DF8A /* AsyncTests.xctest */ = {isa = PBXFileReference; explicitFileType = wrapper.cfbundle; includeInIndex = 0; path = AsyncTests.xctest; sourceTree = BUILT_PRODUCTS_DIR; };
		E9AF57512594B0840028DF8A /* AsyncTests.swift */ = {isa = PBXFileReference; lastKnownFileType = sourcecode.swift; path = AsyncTests.swift; sourceTree = "<group>"; };
		E9AF57532594B0840028DF8A /* Info.plist */ = {isa = PBXFileReference; lastKnownFileType = text.plist.xml; path = Info.plist; sourceTree = "<group>"; };
		E9AF57582594B0840028DF8A /* AsyncUITests.xctest */ = {isa = PBXFileReference; explicitFileType = wrapper.cfbundle; includeInIndex = 0; path = AsyncUITests.xctest; sourceTree = BUILT_PRODUCTS_DIR; };
		E9AF575C2594B0840028DF8A /* AsyncUITests.swift */ = {isa = PBXFileReference; lastKnownFileType = sourcecode.swift; path = AsyncUITests.swift; sourceTree = "<group>"; };
		E9AF575E2594B0840028DF8A /* Info.plist */ = {isa = PBXFileReference; lastKnownFileType = text.plist.xml; path = Info.plist; sourceTree = "<group>"; };
		E9AF577A2594C6500028DF8A /* SignInView.swift */ = {isa = PBXFileReference; lastKnownFileType = sourcecode.swift; path = SignInView.swift; sourceTree = "<group>"; };
		F1520FD078EC10C9F1B14989 /* Pods-AsyncTests.debug.xcconfig */ = {isa = PBXFileReference; includeInIndex = 1; lastKnownFileType = text.xcconfig; name = "Pods-AsyncTests.debug.xcconfig"; path = "Target Support Files/Pods-AsyncTests/Pods-AsyncTests.debug.xcconfig"; sourceTree = "<group>"; };
/* End PBXFileReference section */

/* Begin PBXFrameworksBuildPhase section */
		E9AF57342594B07C0028DF8A /* Frameworks */ = {
			isa = PBXFrameworksBuildPhase;
			buildActionMask = 2147483647;
			files = (
				8164CB2E11420B027BCB83C9 /* Pods_Async.framework in Frameworks */,
			);
			runOnlyForDeploymentPostprocessing = 0;
		};
		E9AF574A2594B0840028DF8A /* Frameworks */ = {
			isa = PBXFrameworksBuildPhase;
			buildActionMask = 2147483647;
			files = (
				8281EB0C90FFDE01123EDB32 /* Pods_AsyncTests.framework in Frameworks */,
			);
			runOnlyForDeploymentPostprocessing = 0;
		};
		E9AF57552594B0840028DF8A /* Frameworks */ = {
			isa = PBXFrameworksBuildPhase;
			buildActionMask = 2147483647;
			files = (
				4C1E5F0136A6B950D81BB567 /* Pods_Async_AsyncUITests.framework in Frameworks */,
			);
			runOnlyForDeploymentPostprocessing = 0;
		};
/* End PBXFrameworksBuildPhase section */

/* Begin PBXGroup section */
		23F3204FC01E2DCFBC266775 /* Pods */ = {
			isa = PBXGroup;
			children = (
				661182300B85A91ED6502E1B /* Pods-Async.debug.xcconfig */,
				83C8EB164B95772AB7484895 /* Pods-Async.release.xcconfig */,
				932664D967973696BCE878E1 /* Pods-Async-AsyncUITests.debug.xcconfig */,
				9A3D48065AA301DAE1FAA608 /* Pods-Async-AsyncUITests.release.xcconfig */,
				F1520FD078EC10C9F1B14989 /* Pods-AsyncTests.debug.xcconfig */,
				7763E09C1CA347214C1E4CBF /* Pods-AsyncTests.release.xcconfig */,
			);
			path = Pods;
			sourceTree = "<group>";
		};
		B558F9AA43ED54D0869F74DB /* Frameworks */ = {
			isa = PBXGroup;
			children = (
				181F421BE2BCB96DECD9EFB9 /* Pods_Async.framework */,
				9AA4760F15B32821F4F45727 /* Pods_Async_AsyncUITests.framework */,
				388497347405733FE8CBAC21 /* Pods_AsyncTests.framework */,
			);
			name = Frameworks;
			sourceTree = "<group>";
		};
		E99B2EDB25A23CFB002D789A /* Config */ = {
			isa = PBXGroup;
			children = (
				E99B2EDD25A23D19002D789A /* amplifyconfiguration.json */,
				E99B2EDC25A23D19002D789A /* awsconfiguration.json */,
			);
			path = Config;
			sourceTree = "<group>";
		};
		E9A2AFAD259B5DBF00F18432 /* Others */ = {
			isa = PBXGroup;
			children = (
				E9A9767A259C89A50098DFA1 /* asyncResponse.json */,
				E9A2AFAE259B5DF800F18432 /* UIElements.swift */,
				E9A2AFB3259B62A200F18432 /* Extensions.swift */,
				E9A9768C259CA2810098DFA1 /* Helpers.swift */,
				E9A976A2259CC3780098DFA1 /* Models.swift */,
				E9AAE89E259DD720009877C2 /* ApiClient.swift */,
				E99B2EF425A24CE4002D789A /* Managers.swift */,
			);
			path = Others;
			sourceTree = "<group>";
		};
		E9A97699259CC26B0098DFA1 /* Chat */ = {
			isa = PBXGroup;
			children = (
				E9A2AFA7259B52BA00F18432 /* ChatView.swift */,
				E9A2AFA2259B52A200F18432 /* ChatViewController.swift */,
				E9A9769A259CC27E0098DFA1 /* TextInputView.swift */,
			);
			path = Chat;
			sourceTree = "<group>";
		};
		E9AF572E2594B07C0028DF8A = {
			isa = PBXGroup;
			children = (
				E9AF57392594B07C0028DF8A /* Async */,
				E9AF57502594B0840028DF8A /* AsyncTests */,
				E9AF575B2594B0840028DF8A /* AsyncUITests */,
				E9AF57382594B07C0028DF8A /* Products */,
				23F3204FC01E2DCFBC266775 /* Pods */,
				B558F9AA43ED54D0869F74DB /* Frameworks */,
			);
			sourceTree = "<group>";
		};
		E9AF57382594B07C0028DF8A /* Products */ = {
			isa = PBXGroup;
			children = (
				E9AF57372594B07C0028DF8A /* Async.app */,
				E9AF574D2594B0840028DF8A /* AsyncTests.xctest */,
				E9AF57582594B0840028DF8A /* AsyncUITests.xctest */,
			);
			name = Products;
			sourceTree = "<group>";
		};
		E9AF57392594B07C0028DF8A /* Async */ = {
			isa = PBXGroup;
			children = (
				E99B2EDB25A23CFB002D789A /* Config */,
				E9A2AFAD259B5DBF00F18432 /* Others */,
				E9AF57792594C6340028DF8A /* Screens */,
				E9AF573A2594B07C0028DF8A /* AppDelegate.swift */,
				E9AF57432594B0830028DF8A /* Assets.xcassets */,
				E9AF57452594B0830028DF8A /* LaunchScreen.storyboard */,
				E9AF57482594B0830028DF8A /* Info.plist */,
			);
			path = Async;
			sourceTree = "<group>";
		};
		E9AF57502594B0840028DF8A /* AsyncTests */ = {
			isa = PBXGroup;
			children = (
				E9AF57512594B0840028DF8A /* AsyncTests.swift */,
				E9AF57532594B0840028DF8A /* Info.plist */,
			);
			path = AsyncTests;
			sourceTree = "<group>";
		};
		E9AF575B2594B0840028DF8A /* AsyncUITests */ = {
			isa = PBXGroup;
			children = (
				E9AF575C2594B0840028DF8A /* AsyncUITests.swift */,
				E9AF575E2594B0840028DF8A /* Info.plist */,
			);
			path = AsyncUITests;
			sourceTree = "<group>";
		};
		E9AF57792594C6340028DF8A /* Screens */ = {
			isa = PBXGroup;
			children = (
				E9A97699259CC26B0098DFA1 /* Chat */,
				E9AF573E2594B07C0028DF8A /* SignInViewController.swift */,
				E9AF577A2594C6500028DF8A /* SignInView.swift */,
				E9A2AF98259B4B7800F18432 /* RegisterViewController.swift */,
				E9A2AF9D259B4BA200F18432 /* RegisterView.swift */,
				E9A97682259C92190098DFA1 /* StartChatViewController.swift */,
				E9A97687259C92370098DFA1 /* StartChatView.swift */,
			);
			path = Screens;
			sourceTree = "<group>";
		};
/* End PBXGroup section */

/* Begin PBXNativeTarget section */
		E9AF57362594B07C0028DF8A /* Async */ = {
			isa = PBXNativeTarget;
			buildConfigurationList = E9AF57612594B0840028DF8A /* Build configuration list for PBXNativeTarget "Async" */;
			buildPhases = (
				9B75118D3CE76A47CDE1CE00 /* [CP] Check Pods Manifest.lock */,
				0598914AECAA4EE5BF22F519 /* [CP] Prepare Artifacts */,
				E9AF57332594B07C0028DF8A /* Sources */,
				E9AF57342594B07C0028DF8A /* Frameworks */,
				E9AF57352594B07C0028DF8A /* Resources */,
				6AF111B3C8CBAFDEFDB0A839 /* [CP] Embed Pods Frameworks */,
			);
			buildRules = (
			);
			dependencies = (
			);
			name = Async;
			productName = Async;
			productReference = E9AF57372594B07C0028DF8A /* Async.app */;
			productType = "com.apple.product-type.application";
		};
		E9AF574C2594B0840028DF8A /* AsyncTests */ = {
			isa = PBXNativeTarget;
			buildConfigurationList = E9AF57642594B0840028DF8A /* Build configuration list for PBXNativeTarget "AsyncTests" */;
			buildPhases = (
				11995D6DEB8D02F345999820 /* [CP] Check Pods Manifest.lock */,
				E9AF57492594B0840028DF8A /* Sources */,
				E9AF574A2594B0840028DF8A /* Frameworks */,
				E9AF574B2594B0840028DF8A /* Resources */,
			);
			buildRules = (
			);
			dependencies = (
				E9AF574F2594B0840028DF8A /* PBXTargetDependency */,
			);
			name = AsyncTests;
			productName = AsyncTests;
			productReference = E9AF574D2594B0840028DF8A /* AsyncTests.xctest */;
			productType = "com.apple.product-type.bundle.unit-test";
		};
		E9AF57572594B0840028DF8A /* AsyncUITests */ = {
			isa = PBXNativeTarget;
			buildConfigurationList = E9AF57672594B0840028DF8A /* Build configuration list for PBXNativeTarget "AsyncUITests" */;
			buildPhases = (
				4907EAD2D56E83D021FE20C1 /* [CP] Check Pods Manifest.lock */,
				A1BFDC9D7A97FAC353D4C14B /* [CP] Prepare Artifacts */,
				E9AF57542594B0840028DF8A /* Sources */,
				E9AF57552594B0840028DF8A /* Frameworks */,
				E9AF57562594B0840028DF8A /* Resources */,
				F584E9AB1E1C8254821EB633 /* [CP] Embed Pods Frameworks */,
			);
			buildRules = (
			);
			dependencies = (
				E9AF575A2594B0840028DF8A /* PBXTargetDependency */,
			);
			name = AsyncUITests;
			productName = AsyncUITests;
			productReference = E9AF57582594B0840028DF8A /* AsyncUITests.xctest */;
			productType = "com.apple.product-type.bundle.ui-testing";
		};
/* End PBXNativeTarget section */

/* Begin PBXProject section */
		E9AF572F2594B07C0028DF8A /* Project object */ = {
			isa = PBXProject;
			attributes = {
				LastSwiftUpdateCheck = 1220;
				LastUpgradeCheck = 1220;
				TargetAttributes = {
					E9AF57362594B07C0028DF8A = {
						CreatedOnToolsVersion = 12.2;
					};
					E9AF574C2594B0840028DF8A = {
						CreatedOnToolsVersion = 12.2;
						TestTargetID = E9AF57362594B07C0028DF8A;
					};
					E9AF57572594B0840028DF8A = {
						CreatedOnToolsVersion = 12.2;
						TestTargetID = E9AF57362594B07C0028DF8A;
					};
				};
			};
			buildConfigurationList = E9AF57322594B07C0028DF8A /* Build configuration list for PBXProject "Async" */;
			compatibilityVersion = "Xcode 9.3";
			developmentRegion = en;
			hasScannedForEncodings = 0;
			knownRegions = (
				en,
				Base,
			);
			mainGroup = E9AF572E2594B07C0028DF8A;
			productRefGroup = E9AF57382594B07C0028DF8A /* Products */;
			projectDirPath = "";
			projectRoot = "";
			targets = (
				E9AF57362594B07C0028DF8A /* Async */,
				E9AF574C2594B0840028DF8A /* AsyncTests */,
				E9AF57572594B0840028DF8A /* AsyncUITests */,
			);
		};
/* End PBXProject section */

/* Begin PBXResourcesBuildPhase section */
		E9AF57352594B07C0028DF8A /* Resources */ = {
			isa = PBXResourcesBuildPhase;
			buildActionMask = 2147483647;
			files = (
				E99B2EDE25A23D19002D789A /* awsconfiguration.json in Resources */,
				E9A9767B259C89A50098DFA1 /* asyncResponse.json in Resources */,
				E99B2EDF25A23D19002D789A /* amplifyconfiguration.json in Resources */,
				E9AF57472594B0830028DF8A /* LaunchScreen.storyboard in Resources */,
				E9AF57442594B0830028DF8A /* Assets.xcassets in Resources */,
			);
			runOnlyForDeploymentPostprocessing = 0;
		};
		E9AF574B2594B0840028DF8A /* Resources */ = {
			isa = PBXResourcesBuildPhase;
			buildActionMask = 2147483647;
			files = (
			);
			runOnlyForDeploymentPostprocessing = 0;
		};
		E9AF57562594B0840028DF8A /* Resources */ = {
			isa = PBXResourcesBuildPhase;
			buildActionMask = 2147483647;
			files = (
			);
			runOnlyForDeploymentPostprocessing = 0;
		};
/* End PBXResourcesBuildPhase section */

/* Begin PBXShellScriptBuildPhase section */
		0598914AECAA4EE5BF22F519 /* [CP] Prepare Artifacts */ = {
			isa = PBXShellScriptBuildPhase;
			buildActionMask = 2147483647;
			files = (
			);
			inputFileListPaths = (
				"${PODS_ROOT}/Target Support Files/Pods-Async/Pods-Async-artifacts-${CONFIGURATION}-input-files.xcfilelist",
			);
			name = "[CP] Prepare Artifacts";
			outputFileListPaths = (
				"${PODS_ROOT}/Target Support Files/Pods-Async/Pods-Async-artifacts-${CONFIGURATION}-output-files.xcfilelist",
			);
			runOnlyForDeploymentPostprocessing = 0;
			shellPath = /bin/sh;
			shellScript = "\"${PODS_ROOT}/Target Support Files/Pods-Async/Pods-Async-artifacts.sh\"\n";
			showEnvVarsInLog = 0;
		};
		11995D6DEB8D02F345999820 /* [CP] Check Pods Manifest.lock */ = {
			isa = PBXShellScriptBuildPhase;
			buildActionMask = 2147483647;
			files = (
			);
			inputFileListPaths = (
			);
			inputPaths = (
				"${PODS_PODFILE_DIR_PATH}/Podfile.lock",
				"${PODS_ROOT}/Manifest.lock",
			);
			name = "[CP] Check Pods Manifest.lock";
			outputFileListPaths = (
			);
			outputPaths = (
				"$(DERIVED_FILE_DIR)/Pods-AsyncTests-checkManifestLockResult.txt",
			);
			runOnlyForDeploymentPostprocessing = 0;
			shellPath = /bin/sh;
			shellScript = "diff \"${PODS_PODFILE_DIR_PATH}/Podfile.lock\" \"${PODS_ROOT}/Manifest.lock\" > /dev/null\nif [ $? != 0 ] ; then\n    # print error to STDERR\n    echo \"error: The sandbox is not in sync with the Podfile.lock. Run 'pod install' or update your CocoaPods installation.\" >&2\n    exit 1\nfi\n# This output is used by Xcode 'outputs' to avoid re-running this script phase.\necho \"SUCCESS\" > \"${SCRIPT_OUTPUT_FILE_0}\"\n";
			showEnvVarsInLog = 0;
		};
		4907EAD2D56E83D021FE20C1 /* [CP] Check Pods Manifest.lock */ = {
			isa = PBXShellScriptBuildPhase;
			buildActionMask = 2147483647;
			files = (
			);
			inputFileListPaths = (
			);
			inputPaths = (
				"${PODS_PODFILE_DIR_PATH}/Podfile.lock",
				"${PODS_ROOT}/Manifest.lock",
			);
			name = "[CP] Check Pods Manifest.lock";
			outputFileListPaths = (
			);
			outputPaths = (
				"$(DERIVED_FILE_DIR)/Pods-Async-AsyncUITests-checkManifestLockResult.txt",
			);
			runOnlyForDeploymentPostprocessing = 0;
			shellPath = /bin/sh;
			shellScript = "diff \"${PODS_PODFILE_DIR_PATH}/Podfile.lock\" \"${PODS_ROOT}/Manifest.lock\" > /dev/null\nif [ $? != 0 ] ; then\n    # print error to STDERR\n    echo \"error: The sandbox is not in sync with the Podfile.lock. Run 'pod install' or update your CocoaPods installation.\" >&2\n    exit 1\nfi\n# This output is used by Xcode 'outputs' to avoid re-running this script phase.\necho \"SUCCESS\" > \"${SCRIPT_OUTPUT_FILE_0}\"\n";
			showEnvVarsInLog = 0;
		};
		6AF111B3C8CBAFDEFDB0A839 /* [CP] Embed Pods Frameworks */ = {
			isa = PBXShellScriptBuildPhase;
			buildActionMask = 2147483647;
			files = (
			);
			inputFileListPaths = (
				"${PODS_ROOT}/Target Support Files/Pods-Async/Pods-Async-frameworks-${CONFIGURATION}-input-files.xcfilelist",
			);
			name = "[CP] Embed Pods Frameworks";
			outputFileListPaths = (
				"${PODS_ROOT}/Target Support Files/Pods-Async/Pods-Async-frameworks-${CONFIGURATION}-output-files.xcfilelist",
			);
			runOnlyForDeploymentPostprocessing = 0;
			shellPath = /bin/sh;
			shellScript = "\"${PODS_ROOT}/Target Support Files/Pods-Async/Pods-Async-frameworks.sh\"\n";
			showEnvVarsInLog = 0;
		};
		9B75118D3CE76A47CDE1CE00 /* [CP] Check Pods Manifest.lock */ = {
			isa = PBXShellScriptBuildPhase;
			buildActionMask = 2147483647;
			files = (
			);
			inputFileListPaths = (
			);
			inputPaths = (
				"${PODS_PODFILE_DIR_PATH}/Podfile.lock",
				"${PODS_ROOT}/Manifest.lock",
			);
			name = "[CP] Check Pods Manifest.lock";
			outputFileListPaths = (
			);
			outputPaths = (
				"$(DERIVED_FILE_DIR)/Pods-Async-checkManifestLockResult.txt",
			);
			runOnlyForDeploymentPostprocessing = 0;
			shellPath = /bin/sh;
			shellScript = "diff \"${PODS_PODFILE_DIR_PATH}/Podfile.lock\" \"${PODS_ROOT}/Manifest.lock\" > /dev/null\nif [ $? != 0 ] ; then\n    # print error to STDERR\n    echo \"error: The sandbox is not in sync with the Podfile.lock. Run 'pod install' or update your CocoaPods installation.\" >&2\n    exit 1\nfi\n# This output is used by Xcode 'outputs' to avoid re-running this script phase.\necho \"SUCCESS\" > \"${SCRIPT_OUTPUT_FILE_0}\"\n";
			showEnvVarsInLog = 0;
		};
		A1BFDC9D7A97FAC353D4C14B /* [CP] Prepare Artifacts */ = {
			isa = PBXShellScriptBuildPhase;
			buildActionMask = 2147483647;
			files = (
			);
			inputFileListPaths = (
				"${PODS_ROOT}/Target Support Files/Pods-Async-AsyncUITests/Pods-Async-AsyncUITests-artifacts-${CONFIGURATION}-input-files.xcfilelist",
			);
			name = "[CP] Prepare Artifacts";
			outputFileListPaths = (
				"${PODS_ROOT}/Target Support Files/Pods-Async-AsyncUITests/Pods-Async-AsyncUITests-artifacts-${CONFIGURATION}-output-files.xcfilelist",
			);
			runOnlyForDeploymentPostprocessing = 0;
			shellPath = /bin/sh;
			shellScript = "\"${PODS_ROOT}/Target Support Files/Pods-Async-AsyncUITests/Pods-Async-AsyncUITests-artifacts.sh\"\n";
			showEnvVarsInLog = 0;
		};
		F584E9AB1E1C8254821EB633 /* [CP] Embed Pods Frameworks */ = {
			isa = PBXShellScriptBuildPhase;
			buildActionMask = 2147483647;
			files = (
			);
			inputFileListPaths = (
				"${PODS_ROOT}/Target Support Files/Pods-Async-AsyncUITests/Pods-Async-AsyncUITests-frameworks-${CONFIGURATION}-input-files.xcfilelist",
			);
			name = "[CP] Embed Pods Frameworks";
			outputFileListPaths = (
				"${PODS_ROOT}/Target Support Files/Pods-Async-AsyncUITests/Pods-Async-AsyncUITests-frameworks-${CONFIGURATION}-output-files.xcfilelist",
			);
			runOnlyForDeploymentPostprocessing = 0;
			shellPath = /bin/sh;
			shellScript = "\"${PODS_ROOT}/Target Support Files/Pods-Async-AsyncUITests/Pods-Async-AsyncUITests-frameworks.sh\"\n";
			showEnvVarsInLog = 0;
		};
/* End PBXShellScriptBuildPhase section */

/* Begin PBXSourcesBuildPhase section */
		E9AF57332594B07C0028DF8A /* Sources */ = {
			isa = PBXSourcesBuildPhase;
			buildActionMask = 2147483647;
			files = (
				E9AF573F2594B07C0028DF8A /* SignInViewController.swift in Sources */,
				E9A2AFB4259B62A200F18432 /* Extensions.swift in Sources */,
				E9A97688259C92370098DFA1 /* StartChatView.swift in Sources */,
				E9A2AF9E259B4BA200F18432 /* RegisterView.swift in Sources */,
				E9AF577B2594C6500028DF8A /* SignInView.swift in Sources */,
				E9AF573B2594B07C0028DF8A /* AppDelegate.swift in Sources */,
				E9A97683259C92190098DFA1 /* StartChatViewController.swift in Sources */,
				E99B2EF525A24CE4002D789A /* Managers.swift in Sources */,
				E9A9768D259CA2810098DFA1 /* Helpers.swift in Sources */,
				E9A2AFA8259B52BA00F18432 /* ChatView.swift in Sources */,
				E9A9769B259CC27E0098DFA1 /* TextInputView.swift in Sources */,
				E9A2AFA3259B52A200F18432 /* ChatViewController.swift in Sources */,
				E9A2AFAF259B5DF800F18432 /* UIElements.swift in Sources */,
				E9A2AF99259B4B7800F18432 /* RegisterViewController.swift in Sources */,
				E9A976A3259CC3780098DFA1 /* Models.swift in Sources */,
				E9AAE89F259DD720009877C2 /* ApiClient.swift in Sources */,
			);
			runOnlyForDeploymentPostprocessing = 0;
		};
		E9AF57492594B0840028DF8A /* Sources */ = {
			isa = PBXSourcesBuildPhase;
			buildActionMask = 2147483647;
			files = (
				E9AF57522594B0840028DF8A /* AsyncTests.swift in Sources */,
			);
			runOnlyForDeploymentPostprocessing = 0;
		};
		E9AF57542594B0840028DF8A /* Sources */ = {
			isa = PBXSourcesBuildPhase;
			buildActionMask = 2147483647;
			files = (
				E9AF575D2594B0840028DF8A /* AsyncUITests.swift in Sources */,
			);
			runOnlyForDeploymentPostprocessing = 0;
		};
/* End PBXSourcesBuildPhase section */

/* Begin PBXTargetDependency section */
		E9AF574F2594B0840028DF8A /* PBXTargetDependency */ = {
			isa = PBXTargetDependency;
			target = E9AF57362594B07C0028DF8A /* Async */;
			targetProxy = E9AF574E2594B0840028DF8A /* PBXContainerItemProxy */;
		};
		E9AF575A2594B0840028DF8A /* PBXTargetDependency */ = {
			isa = PBXTargetDependency;
			target = E9AF57362594B07C0028DF8A /* Async */;
			targetProxy = E9AF57592594B0840028DF8A /* PBXContainerItemProxy */;
		};
/* End PBXTargetDependency section */

/* Begin PBXVariantGroup section */
		E9AF57452594B0830028DF8A /* LaunchScreen.storyboard */ = {
			isa = PBXVariantGroup;
			children = (
				E9AF57462594B0830028DF8A /* Base */,
			);
			name = LaunchScreen.storyboard;
			sourceTree = "<group>";
		};
/* End PBXVariantGroup section */

/* Begin XCBuildConfiguration section */
		E9AF575F2594B0840028DF8A /* Debug */ = {
			isa = XCBuildConfiguration;
			buildSettings = {
				ALWAYS_SEARCH_USER_PATHS = NO;
				CLANG_ANALYZER_NONNULL = YES;
				CLANG_ANALYZER_NUMBER_OBJECT_CONVERSION = YES_AGGRESSIVE;
				CLANG_CXX_LANGUAGE_STANDARD = "gnu++14";
				CLANG_CXX_LIBRARY = "libc++";
				CLANG_ENABLE_MODULES = YES;
				CLANG_ENABLE_OBJC_ARC = YES;
				CLANG_ENABLE_OBJC_WEAK = YES;
				CLANG_WARN_BLOCK_CAPTURE_AUTORELEASING = YES;
				CLANG_WARN_BOOL_CONVERSION = YES;
				CLANG_WARN_COMMA = YES;
				CLANG_WARN_CONSTANT_CONVERSION = YES;
				CLANG_WARN_DEPRECATED_OBJC_IMPLEMENTATIONS = YES;
				CLANG_WARN_DIRECT_OBJC_ISA_USAGE = YES_ERROR;
				CLANG_WARN_DOCUMENTATION_COMMENTS = YES;
				CLANG_WARN_EMPTY_BODY = YES;
				CLANG_WARN_ENUM_CONVERSION = YES;
				CLANG_WARN_INFINITE_RECURSION = YES;
				CLANG_WARN_INT_CONVERSION = YES;
				CLANG_WARN_NON_LITERAL_NULL_CONVERSION = YES;
				CLANG_WARN_OBJC_IMPLICIT_RETAIN_SELF = YES;
				CLANG_WARN_OBJC_LITERAL_CONVERSION = YES;
				CLANG_WARN_OBJC_ROOT_CLASS = YES_ERROR;
				CLANG_WARN_QUOTED_INCLUDE_IN_FRAMEWORK_HEADER = YES;
				CLANG_WARN_RANGE_LOOP_ANALYSIS = YES;
				CLANG_WARN_STRICT_PROTOTYPES = YES;
				CLANG_WARN_SUSPICIOUS_MOVE = YES;
				CLANG_WARN_UNGUARDED_AVAILABILITY = YES_AGGRESSIVE;
				CLANG_WARN_UNREACHABLE_CODE = YES;
				CLANG_WARN__DUPLICATE_METHOD_MATCH = YES;
				COPY_PHASE_STRIP = NO;
				DEBUG_INFORMATION_FORMAT = dwarf;
				ENABLE_STRICT_OBJC_MSGSEND = YES;
				ENABLE_TESTABILITY = YES;
				GCC_C_LANGUAGE_STANDARD = gnu11;
				GCC_DYNAMIC_NO_PIC = NO;
				GCC_NO_COMMON_BLOCKS = YES;
				GCC_OPTIMIZATION_LEVEL = 0;
				GCC_PREPROCESSOR_DEFINITIONS = (
					"DEBUG=1",
					"$(inherited)",
				);
				GCC_WARN_64_TO_32_BIT_CONVERSION = YES;
				GCC_WARN_ABOUT_RETURN_TYPE = YES_ERROR;
				GCC_WARN_UNDECLARED_SELECTOR = YES;
				GCC_WARN_UNINITIALIZED_AUTOS = YES_AGGRESSIVE;
				GCC_WARN_UNUSED_FUNCTION = YES;
				GCC_WARN_UNUSED_VARIABLE = YES;
				IPHONEOS_DEPLOYMENT_TARGET = 14.2;
				MTL_ENABLE_DEBUG_INFO = INCLUDE_SOURCE;
				MTL_FAST_MATH = YES;
				ONLY_ACTIVE_ARCH = YES;
				SDKROOT = iphoneos;
				SWIFT_ACTIVE_COMPILATION_CONDITIONS = DEBUG;
				SWIFT_OPTIMIZATION_LEVEL = "-Onone";
			};
			name = Debug;
		};
		E9AF57602594B0840028DF8A /* Release */ = {
			isa = XCBuildConfiguration;
			buildSettings = {
				ALWAYS_SEARCH_USER_PATHS = NO;
				CLANG_ANALYZER_NONNULL = YES;
				CLANG_ANALYZER_NUMBER_OBJECT_CONVERSION = YES_AGGRESSIVE;
				CLANG_CXX_LANGUAGE_STANDARD = "gnu++14";
				CLANG_CXX_LIBRARY = "libc++";
				CLANG_ENABLE_MODULES = YES;
				CLANG_ENABLE_OBJC_ARC = YES;
				CLANG_ENABLE_OBJC_WEAK = YES;
				CLANG_WARN_BLOCK_CAPTURE_AUTORELEASING = YES;
				CLANG_WARN_BOOL_CONVERSION = YES;
				CLANG_WARN_COMMA = YES;
				CLANG_WARN_CONSTANT_CONVERSION = YES;
				CLANG_WARN_DEPRECATED_OBJC_IMPLEMENTATIONS = YES;
				CLANG_WARN_DIRECT_OBJC_ISA_USAGE = YES_ERROR;
				CLANG_WARN_DOCUMENTATION_COMMENTS = YES;
				CLANG_WARN_EMPTY_BODY = YES;
				CLANG_WARN_ENUM_CONVERSION = YES;
				CLANG_WARN_INFINITE_RECURSION = YES;
				CLANG_WARN_INT_CONVERSION = YES;
				CLANG_WARN_NON_LITERAL_NULL_CONVERSION = YES;
				CLANG_WARN_OBJC_IMPLICIT_RETAIN_SELF = YES;
				CLANG_WARN_OBJC_LITERAL_CONVERSION = YES;
				CLANG_WARN_OBJC_ROOT_CLASS = YES_ERROR;
				CLANG_WARN_QUOTED_INCLUDE_IN_FRAMEWORK_HEADER = YES;
				CLANG_WARN_RANGE_LOOP_ANALYSIS = YES;
				CLANG_WARN_STRICT_PROTOTYPES = YES;
				CLANG_WARN_SUSPICIOUS_MOVE = YES;
				CLANG_WARN_UNGUARDED_AVAILABILITY = YES_AGGRESSIVE;
				CLANG_WARN_UNREACHABLE_CODE = YES;
				CLANG_WARN__DUPLICATE_METHOD_MATCH = YES;
				COPY_PHASE_STRIP = NO;
				DEBUG_INFORMATION_FORMAT = "dwarf-with-dsym";
				ENABLE_NS_ASSERTIONS = NO;
				ENABLE_STRICT_OBJC_MSGSEND = YES;
				GCC_C_LANGUAGE_STANDARD = gnu11;
				GCC_NO_COMMON_BLOCKS = YES;
				GCC_WARN_64_TO_32_BIT_CONVERSION = YES;
				GCC_WARN_ABOUT_RETURN_TYPE = YES_ERROR;
				GCC_WARN_UNDECLARED_SELECTOR = YES;
				GCC_WARN_UNINITIALIZED_AUTOS = YES_AGGRESSIVE;
				GCC_WARN_UNUSED_FUNCTION = YES;
				GCC_WARN_UNUSED_VARIABLE = YES;
				IPHONEOS_DEPLOYMENT_TARGET = 14.2;
				MTL_ENABLE_DEBUG_INFO = NO;
				MTL_FAST_MATH = YES;
				SDKROOT = iphoneos;
				SWIFT_COMPILATION_MODE = wholemodule;
				SWIFT_OPTIMIZATION_LEVEL = "-O";
				VALIDATE_PRODUCT = YES;
			};
			name = Release;
		};
		E9AF57622594B0840028DF8A /* Debug */ = {
			isa = XCBuildConfiguration;
			baseConfigurationReference = 661182300B85A91ED6502E1B /* Pods-Async.debug.xcconfig */;
			buildSettings = {
				ASSETCATALOG_COMPILER_APPICON_NAME = AppIcon;
				ASSETCATALOG_COMPILER_GLOBAL_ACCENT_COLOR_NAME = AccentColor;
				CODE_SIGN_STYLE = Automatic;
				DEVELOPMENT_TEAM = YDQ6CJX3J6;
				INFOPLIST_FILE = Async/Info.plist;
				IPHONEOS_DEPLOYMENT_TARGET = 12.0;
				LD_RUNPATH_SEARCH_PATHS = (
					"$(inherited)",
					"@executable_path/Frameworks",
				);
				PRODUCT_BUNDLE_IDENTIFIER = com.example.Async;
				PRODUCT_NAME = "$(TARGET_NAME)";
				SWIFT_VERSION = 5.0;
				TARGETED_DEVICE_FAMILY = 1;
			};
			name = Debug;
		};
		E9AF57632594B0840028DF8A /* Release */ = {
			isa = XCBuildConfiguration;
			baseConfigurationReference = 83C8EB164B95772AB7484895 /* Pods-Async.release.xcconfig */;
			buildSettings = {
				ASSETCATALOG_COMPILER_APPICON_NAME = AppIcon;
				ASSETCATALOG_COMPILER_GLOBAL_ACCENT_COLOR_NAME = AccentColor;
				CODE_SIGN_STYLE = Automatic;
				DEVELOPMENT_TEAM = YDQ6CJX3J6;
				INFOPLIST_FILE = Async/Info.plist;
				IPHONEOS_DEPLOYMENT_TARGET = 12.0;
				LD_RUNPATH_SEARCH_PATHS = (
					"$(inherited)",
					"@executable_path/Frameworks",
				);
				PRODUCT_BUNDLE_IDENTIFIER = com.example.Async;
				PRODUCT_NAME = "$(TARGET_NAME)";
				SWIFT_VERSION = 5.0;
				TARGETED_DEVICE_FAMILY = 1;
			};
			name = Release;
		};
		E9AF57652594B0840028DF8A /* Debug */ = {
			isa = XCBuildConfiguration;
			baseConfigurationReference = F1520FD078EC10C9F1B14989 /* Pods-AsyncTests.debug.xcconfig */;
			buildSettings = {
				ALWAYS_EMBED_SWIFT_STANDARD_LIBRARIES = YES;
				BUNDLE_LOADER = "$(TEST_HOST)";
				CODE_SIGN_STYLE = Automatic;
				DEVELOPMENT_TEAM = YDQ6CJX3J6;
				INFOPLIST_FILE = AsyncTests/Info.plist;
				IPHONEOS_DEPLOYMENT_TARGET = 14.2;
				LD_RUNPATH_SEARCH_PATHS = (
					"$(inherited)",
					"@executable_path/Frameworks",
					"@loader_path/Frameworks",
				);
				PRODUCT_BUNDLE_IDENTIFIER = com.example.AsyncTests;
				PRODUCT_NAME = "$(TARGET_NAME)";
				SWIFT_VERSION = 5.0;
				TARGETED_DEVICE_FAMILY = "1,2";
				TEST_HOST = "$(BUILT_PRODUCTS_DIR)/Async.app/Async";
			};
			name = Debug;
		};
		E9AF57662594B0840028DF8A /* Release */ = {
			isa = XCBuildConfiguration;
			baseConfigurationReference = 7763E09C1CA347214C1E4CBF /* Pods-AsyncTests.release.xcconfig */;
			buildSettings = {
				ALWAYS_EMBED_SWIFT_STANDARD_LIBRARIES = YES;
				BUNDLE_LOADER = "$(TEST_HOST)";
				CODE_SIGN_STYLE = Automatic;
				DEVELOPMENT_TEAM = YDQ6CJX3J6;
				INFOPLIST_FILE = AsyncTests/Info.plist;
				IPHONEOS_DEPLOYMENT_TARGET = 14.2;
				LD_RUNPATH_SEARCH_PATHS = (
					"$(inherited)",
					"@executable_path/Frameworks",
					"@loader_path/Frameworks",
				);
				PRODUCT_BUNDLE_IDENTIFIER = com.example.AsyncTests;
				PRODUCT_NAME = "$(TARGET_NAME)";
				SWIFT_VERSION = 5.0;
				TARGETED_DEVICE_FAMILY = "1,2";
				TEST_HOST = "$(BUILT_PRODUCTS_DIR)/Async.app/Async";
			};
			name = Release;
		};
		E9AF57682594B0840028DF8A /* Debug */ = {
			isa = XCBuildConfiguration;
			baseConfigurationReference = 932664D967973696BCE878E1 /* Pods-Async-AsyncUITests.debug.xcconfig */;
			buildSettings = {
				ALWAYS_EMBED_SWIFT_STANDARD_LIBRARIES = YES;
				CODE_SIGN_STYLE = Automatic;
				DEVELOPMENT_TEAM = YDQ6CJX3J6;
				INFOPLIST_FILE = AsyncUITests/Info.plist;
				LD_RUNPATH_SEARCH_PATHS = (
					"$(inherited)",
					"@executable_path/Frameworks",
					"@loader_path/Frameworks",
				);
				PRODUCT_BUNDLE_IDENTIFIER = com.example.AsyncUITests;
				PRODUCT_NAME = "$(TARGET_NAME)";
				SWIFT_VERSION = 5.0;
				TARGETED_DEVICE_FAMILY = "1,2";
				TEST_TARGET_NAME = Async;
			};
			name = Debug;
		};
		E9AF57692594B0840028DF8A /* Release */ = {
			isa = XCBuildConfiguration;
			baseConfigurationReference = 9A3D48065AA301DAE1FAA608 /* Pods-Async-AsyncUITests.release.xcconfig */;
			buildSettings = {
				ALWAYS_EMBED_SWIFT_STANDARD_LIBRARIES = YES;
				CODE_SIGN_STYLE = Automatic;
				DEVELOPMENT_TEAM = YDQ6CJX3J6;
				INFOPLIST_FILE = AsyncUITests/Info.plist;
				LD_RUNPATH_SEARCH_PATHS = (
					"$(inherited)",
					"@executable_path/Frameworks",
					"@loader_path/Frameworks",
				);
				PRODUCT_BUNDLE_IDENTIFIER = com.example.AsyncUITests;
				PRODUCT_NAME = "$(TARGET_NAME)";
				SWIFT_VERSION = 5.0;
				TARGETED_DEVICE_FAMILY = "1,2";
				TEST_TARGET_NAME = Async;
			};
			name = Release;
		};
/* End XCBuildConfiguration section */

/* Begin XCConfigurationList section */
		E9AF57322594B07C0028DF8A /* Build configuration list for PBXProject "Async" */ = {
			isa = XCConfigurationList;
			buildConfigurations = (
				E9AF575F2594B0840028DF8A /* Debug */,
				E9AF57602594B0840028DF8A /* Release */,
			);
			defaultConfigurationIsVisible = 0;
			defaultConfigurationName = Release;
		};
		E9AF57612594B0840028DF8A /* Build configuration list for PBXNativeTarget "Async" */ = {
			isa = XCConfigurationList;
			buildConfigurations = (
				E9AF57622594B0840028DF8A /* Debug */,
				E9AF57632594B0840028DF8A /* Release */,
			);
			defaultConfigurationIsVisible = 0;
			defaultConfigurationName = Release;
		};
		E9AF57642594B0840028DF8A /* Build configuration list for PBXNativeTarget "AsyncTests" */ = {
			isa = XCConfigurationList;
			buildConfigurations = (
				E9AF57652594B0840028DF8A /* Debug */,
				E9AF57662594B0840028DF8A /* Release */,
			);
			defaultConfigurationIsVisible = 0;
			defaultConfigurationName = Release;
		};
		E9AF57672594B0840028DF8A /* Build configuration list for PBXNativeTarget "AsyncUITests" */ = {
			isa = XCConfigurationList;
			buildConfigurations = (
				E9AF57682594B0840028DF8A /* Debug */,
				E9AF57692594B0840028DF8A /* Release */,
			);
			defaultConfigurationIsVisible = 0;
			defaultConfigurationName = Release;
		};
/* End XCConfigurationList section */
	};
	rootObject = E9AF572F2594B07C0028DF8A /* Project object */;
}
